
Microsoft Visual Studio Solution File, Format Version 12.00
# Visual Studio 15
VisualStudioVersion = 15.0.26124.0
MinimumVisualStudioVersion = 15.0.26124.0
Project("{FAE04EC0-301F-11D3-BF4B-00C04F79EFBC}") = "GameTOP", "GameTOP\GameTOP.csproj", "{220CAA4D-B04A-4D47-B56B-D2067FC31520}"
EndProject
Project("{FAE04EC0-301F-11D3-BF4B-00C04F79EFBC}") = "GameTOP.lib", "GameTOP.lib\GameTOP.lib.csproj", "{534DB322-4E60-4302-B601-09164792C949}"
EndProject
Project("{FAE04EC0-301F-11D3-BF4B-00C04F79EFBC}") = "GameTOP.Interface", "GameTOP.Interface\GameTOP.Interface.csproj", "{716BCCE6-F76C-446C-A0DC-FA2CBBEA79A7}"
EndProject
Global
	GlobalSection(SolutionConfigurationPlatforms) = preSolution
		Debug|Any CPU = Debug|Any CPU
		Debug|x64 = Debug|x64
		Debug|x86 = Debug|x86
		Release|Any CPU = Release|Any CPU
		Release|x64 = Release|x64
		Release|x86 = Release|x86
	EndGlobalSection
	GlobalSection(SolutionProperties) = preSolution
		HideSolutionNode = FALSE
	EndGlobalSection
	GlobalSection(ProjectConfigurationPlatforms) = postSolution
		{220CAA4D-B04A-4D47-B56B-D2067FC31520}.Debug|Any CPU.ActiveCfg = Debug|Any CPU
		{220CAA4D-B04A-4D47-B56B-D2067FC31520}.Debug|Any CPU.Build.0 = Debug|Any CPU
		{220CAA4D-B04A-4D47-B56B-D2067FC31520}.Debug|x64.ActiveCfg = Debug|Any CPU
		{220CAA4D-B04A-4D47-B56B-D2067FC31520}.Debug|x64.Build.0 = Debug|Any CPU
		{220CAA4D-B04A-4D47-B56B-D2067FC31520}.Debug|x86.ActiveCfg = Debug|Any CPU
		{220CAA4D-B04A-4D47-B56B-D2067FC31520}.Debug|x86.Build.0 = Debug|Any CPU
		{220CAA4D-B04A-4D47-B56B-D2067FC31520}.Release|Any CPU.ActiveCfg = Release|Any CPU
		{220CAA4D-B04A-4D47-B56B-D2067FC31520}.Release|Any CPU.Build.0 = Release|Any CPU
		{220CAA4D-B04A-4D47-B56B-D2067FC31520}.Release|x64.ActiveCfg = Release|Any CPU
		{220CAA4D-B04A-4D47-B56B-D2067FC31520}.Release|x64.Build.0 = Release|Any CPU
		{220CAA4D-B04A-4D47-B56B-D2067FC31520}.Release|x86.ActiveCfg = Release|Any CPU
		{220CAA4D-B04A-4D47-B56B-D2067FC31520}.Release|x86.Build.0 = Release|Any CPU
		{534DB322-4E60-4302-B601-09164792C949}.Debug|Any CPU.ActiveCfg = Debug|Any CPU
		{534DB322-4E60-4302-B601-09164792C949}.Debug|Any CPU.Build.0 = Debug|Any CPU
		{534DB322-4E60-4302-B601-09164792C949}.Debug|x64.ActiveCfg = Debug|Any CPU
		{534DB322-4E60-4302-B601-09164792C949}.Debug|x64.Build.0 = Debug|Any CPU
		{534DB322-4E60-4302-B601-09164792C949}.Debug|x86.ActiveCfg = Debug|Any CPU
		{534DB322-4E60-4302-B601-09164792C949}.Debug|x86.Build.0 = Debug|Any CPU
		{534DB322-4E60-4302-B601-09164792C949}.Release|Any CPU.ActiveCfg = Release|Any CPU
		{534DB322-4E60-4302-B601-09164792C949}.Release|Any CPU.Build.0 = Release|Any CPU
		{534DB322-4E60-4302-B601-09164792C949}.Release|x64.ActiveCfg = Release|Any CPU
		{534DB322-4E60-4302-B601-09164792C949}.Release|x64.Build.0 = Release|Any CPU
		{534DB322-4E60-4302-B601-09164792C949}.Release|x86.ActiveCfg = Release|Any CPU
		{534DB322-4E60-4302-B601-09164792C949}.Release|x86.Build.0 = Release|Any CPU
		{716BCCE6-F76C-446C-A0DC-FA2CBBEA79A7}.Debug|Any CPU.ActiveCfg = Debug|Any CPU
		{716BCCE6-F76C-446C-A0DC-FA2CBBEA79A7}.Debug|Any CPU.Build.0 = Debug|Any CPU
		{716BCCE6-F76C-446C-A0DC-FA2CBBEA79A7}.Debug|x64.ActiveCfg = Debug|Any CPU
		{716BCCE6-F76C-446C-A0DC-FA2CBBEA79A7}.Debug|x64.Build.0 = Debug|Any CPU
		{716BCCE6-F76C-446C-A0DC-FA2CBBEA79A7}.Debug|x86.ActiveCfg = Debug|Any CPU
		{716BCCE6-F76C-446C-A0DC-FA2CBBEA79A7}.Debug|x86.Build.0 = Debug|Any CPU
		{716BCCE6-F76C-446C-A0DC-FA2CBBEA79A7}.Release|Any CPU.ActiveCfg = Release|Any CPU
		{716BCCE6-F76C-446C-A0DC-FA2CBBEA79A7}.Release|Any CPU.Build.0 = Release|Any CPU
		{716BCCE6-F76C-446C-A0DC-FA2CBBEA79A7}.Release|x64.ActiveCfg = Release|Any CPU
		{716BCCE6-F76C-446C-A0DC-FA2CBBEA79A7}.Release|x64.Build.0 = Release|Any CPU
		{716BCCE6-F76C-446C-A0DC-FA2CBBEA79A7}.Release|x86.ActiveCfg = Release|Any CPU
		{716BCCE6-F76C-446C-A0DC-FA2CBBEA79A7}.Release|x86.Build.0 = Release|Any CPU
	EndGlobalSection
EndGlobal
